
Microsoft Visual Studio Solution File, Format Version 12.00
# Visual Studio Version 16
VisualStudioVersion = 16.0.31321.278
MinimumVisualStudioVersion = 10.0.40219.1
Project("{FAE04EC0-301F-11D3-BF4B-00C04F79EFBC}") = "PacketClient", "PacketClient.csproj", "{A053AD0B-6714-4A63-948D-02BF4A6A10C0}"
EndProject
Global
	GlobalSection(SolutionConfigurationPlatforms) = preSolution
		Debug|Any CPU = Debug|Any CPU
		Release|Any CPU = Release|Any CPU
	EndGlobalSection
	GlobalSection(ProjectConfigurationPlatforms) = postSolution
		{A053AD0B-6714-4A63-948D-02BF4A6A10C0}.Debug|Any CPU.ActiveCfg = Debug|Any CPU
		{A053AD0B-6714-4A63-948D-02BF4A6A10C0}.Debug|Any CPU.Build.0 = Debug|Any CPU
		{A053AD0B-6714-4A63-948D-02BF4A6A10C0}.Release|Any CPU.ActiveCfg = Release|Any CPU
		{A053AD0B-6714-4A63-948D-02BF4A6A10C0}.Release|Any CPU.Build.0 = Release|Any CPU
	EndGlobalSection
	GlobalSection(SolutionProperties) = preSolution
		HideSolutionNode = FALSE
	EndGlobalSection
	GlobalSection(ExtensibilityGlobals) = postSolution
		SolutionGuid = {4F80745E-C44B-4603-9EB9-1B125DCDBFC6}
	EndGlobalSection
EndGlobal
